
Microsoft Visual Studio Solution File, Format Version 12.00
# Visual Studio Version 17
VisualStudioVersion = 17.9.34622.214
MinimumVisualStudioVersion = 10.0.40219.1
Project("{FAE04EC0-301F-11D3-BF4B-00C04F79EFBC}") = "Robin.Web", "Robin.Web\Robin.Web.csproj", "{32F4C7E8-6CDD-45D4-BC17-F5E2B5F0040A}"
EndProject
Global
	GlobalSection(SolutionConfigurationPlatforms) = preSolution
		Debug|Any CPU = Debug|Any CPU
		Release|Any CPU = Release|Any CPU
	EndGlobalSection
	GlobalSection(ProjectConfigurationPlatforms) = postSolution
		{32F4C7E8-6CDD-45D4-BC17-F5E2B5F0040A}.Debug|Any CPU.ActiveCfg = Debug|Any CPU
		{32F4C7E8-6CDD-45D4-BC17-F5E2B5F0040A}.Debug|Any CPU.Build.0 = Debug|Any CPU
		{32F4C7E8-6CDD-45D4-BC17-F5E2B5F0040A}.Release|Any CPU.ActiveCfg = Release|Any CPU
		{32F4C7E8-6CDD-45D4-BC17-F5E2B5F0040A}.Release|Any CPU.Build.0 = Release|Any CPU
	EndGlobalSection
	GlobalSection(SolutionProperties) = preSolution
		HideSolutionNode = FALSE
	EndGlobalSection
	GlobalSection(ExtensibilityGlobals) = postSolution
		SolutionGuid = {0D95D286-019E-43B6-859C-CCDC55D1C6BC}
	EndGlobalSection
EndGlobal
